// !$*UTF8*$!
{
	archiveVersion = 1;
	classes = {
	};
	objectVersion = 50;
	objects = {

/* Begin PBXBuildFile section */
		B5EFC96F2673405A000E85B7 /* AppDelegate.swift in Sources */ = {isa = PBXBuildFile; fileRef = B5EFC96E2673405A000E85B7 /* AppDelegate.swift */; };
		B5EFC9712673405A000E85B7 /* SceneDelegate.swift in Sources */ = {isa = PBXBuildFile; fileRef = B5EFC9702673405A000E85B7 /* SceneDelegate.swift */; };
		B5EFC9762673405A000E85B7 /* Main.storyboard in Resources */ = {isa = PBXBuildFile; fileRef = B5EFC9742673405A000E85B7 /* Main.storyboard */; };
		B5EFC9792673405A000E85B7 /* To_Do_List.xcdatamodeld in Sources */ = {isa = PBXBuildFile; fileRef = B5EFC9772673405A000E85B7 /* To_Do_List.xcdatamodeld */; };
		B5EFC97B2673405F000E85B7 /* Assets.xcassets in Resources */ = {isa = PBXBuildFile; fileRef = B5EFC97A2673405F000E85B7 /* Assets.xcassets */; };
		B5EFC97E2673405F000E85B7 /* LaunchScreen.storyboard in Resources */ = {isa = PBXBuildFile; fileRef = B5EFC97C2673405F000E85B7 /* LaunchScreen.storyboard */; };
		B5EFC9892673405F000E85B7 /* To_Do_ListTests.swift in Sources */ = {isa = PBXBuildFile; fileRef = B5EFC9882673405F000E85B7 /* To_Do_ListTests.swift */; };
		B5EFC9942673405F000E85B7 /* To_Do_ListUITests.swift in Sources */ = {isa = PBXBuildFile; fileRef = B5EFC9932673405F000E85B7 /* To_Do_ListUITests.swift */; };
		B5EFC9A226734188000E85B7 /* ToDoTableViewController.swift in Sources */ = {isa = PBXBuildFile; fileRef = B5EFC9A126734188000E85B7 /* ToDoTableViewController.swift */; };
		B5EFC9A4267341C0000E85B7 /* To Do.swift in Sources */ = {isa = PBXBuildFile; fileRef = B5EFC9A3267341C0000E85B7 /* To Do.swift */; };
		B5EFC9A626734BE7000E85B7 /* AddToDo.swift in Sources */ = {isa = PBXBuildFile; fileRef = B5EFC9A526734BE7000E85B7 /* AddToDo.swift */; };
		B5EFC9A826740D60000E85B7 /* CompleteToDo.swift in Sources */ = {isa = PBXBuildFile; fileRef = B5EFC9A726740D60000E85B7 /* CompleteToDo.swift */; };
/* End PBXBuildFile section */

/* Begin PBXContainerItemProxy section */
		B5EFC9852673405F000E85B7 /* PBXContainerItemProxy */ = {
			isa = PBXContainerItemProxy;
			containerPortal = B5EFC9632673405A000E85B7 /* Project object */;
			proxyType = 1;
			remoteGlobalIDString = B5EFC96A2673405A000E85B7;
			remoteInfo = "To Do List";
		};
		B5EFC9902673405F000E85B7 /* PBXContainerItemProxy */ = {
			isa = PBXContainerItemProxy;
			containerPortal = B5EFC9632673405A000E85B7 /* Project object */;
			proxyType = 1;
			remoteGlobalIDString = B5EFC96A2673405A000E85B7;
			remoteInfo = "To Do List";
		};
/* End PBXContainerItemProxy section */

/* Begin PBXFileReference section */
		B5EFC96B2673405A000E85B7 /* To Do List.app */ = {isa = PBXFileReference; explicitFileType = wrapper.application; includeInIndex = 0; path = "To Do List.app"; sourceTree = BUILT_PRODUCTS_DIR; };
		B5EFC96E2673405A000E85B7 /* AppDelegate.swift */ = {isa = PBXFileReference; lastKnownFileType = sourcecode.swift; path = AppDelegate.swift; sourceTree = "<group>"; };
		B5EFC9702673405A000E85B7 /* SceneDelegate.swift */ = {isa = PBXFileReference; lastKnownFileType = sourcecode.swift; path = SceneDelegate.swift; sourceTree = "<group>"; };
		B5EFC9752673405A000E85B7 /* Base */ = {isa = PBXFileReference; lastKnownFileType = file.storyboard; name = Base; path = Base.lproj/Main.storyboard; sourceTree = "<group>"; };
		B5EFC9782673405A000E85B7 /* To_Do_List.xcdatamodel */ = {isa = PBXFileReference; lastKnownFileType = wrapper.xcdatamodel; path = To_Do_List.xcdatamodel; sourceTree = "<group>"; };
		B5EFC97A2673405F000E85B7 /* Assets.xcassets */ = {isa = PBXFileReference; lastKnownFileType = folder.assetcatalog; path = Assets.xcassets; sourceTree = "<group>"; };
		B5EFC97D2673405F000E85B7 /* Base */ = {isa = PBXFileReference; lastKnownFileType = file.storyboard; name = Base; path = Base.lproj/LaunchScreen.storyboard; sourceTree = "<group>"; };
		B5EFC97F2673405F000E85B7 /* Info.plist */ = {isa = PBXFileReference; lastKnownFileType = text.plist.xml; path = Info.plist; sourceTree = "<group>"; };
		B5EFC9842673405F000E85B7 /* To Do ListTests.xctest */ = {isa = PBXFileReference; explicitFileType = wrapper.cfbundle; includeInIndex = 0; path = "To Do ListTests.xctest"; sourceTree = BUILT_PRODUCTS_DIR; };
		B5EFC9882673405F000E85B7 /* To_Do_ListTests.swift */ = {isa = PBXFileReference; lastKnownFileType = sourcecode.swift; path = To_Do_ListTests.swift; sourceTree = "<group>"; };
		B5EFC98A2673405F000E85B7 /* Info.plist */ = {isa = PBXFileReference; lastKnownFileType = text.plist.xml; path = Info.plist; sourceTree = "<group>"; };
		B5EFC98F2673405F000E85B7 /* To Do ListUITests.xctest */ = {isa = PBXFileReference; explicitFileType = wrapper.cfbundle; includeInIndex = 0; path = "To Do ListUITests.xctest"; sourceTree = BUILT_PRODUCTS_DIR; };
		B5EFC9932673405F000E85B7 /* To_Do_ListUITests.swift */ = {isa = PBXFileReference; lastKnownFileType = sourcecode.swift; path = To_Do_ListUITests.swift; sourceTree = "<group>"; };
		B5EFC9952673405F000E85B7 /* Info.plist */ = {isa = PBXFileReference; lastKnownFileType = text.plist.xml; path = Info.plist; sourceTree = "<group>"; };
		B5EFC9A126734188000E85B7 /* ToDoTableViewController.swift */ = {isa = PBXFileReference; lastKnownFileType = sourcecode.swift; path = ToDoTableViewController.swift; sourceTree = "<group>"; };
		B5EFC9A3267341C0000E85B7 /* To Do.swift */ = {isa = PBXFileReference; lastKnownFileType = sourcecode.swift; path = "To Do.swift"; sourceTree = "<group>"; };
		B5EFC9A526734BE7000E85B7 /* AddToDo.swift */ = {isa = PBXFileReference; lastKnownFileType = sourcecode.swift; path = AddToDo.swift; sourceTree = "<group>"; };
		B5EFC9A726740D60000E85B7 /* CompleteToDo.swift */ = {isa = PBXFileReference; lastKnownFileType = sourcecode.swift; path = CompleteToDo.swift; sourceTree = "<group>"; };
/* End PBXFileReference section */

/* Begin PBXFrameworksBuildPhase section */
		B5EFC9682673405A000E85B7 /* Frameworks */ = {
			isa = PBXFrameworksBuildPhase;
			buildActionMask = 2147483647;
			files = (
			);
			runOnlyForDeploymentPostprocessing = 0;
		};
		B5EFC9812673405F000E85B7 /* Frameworks */ = {
			isa = PBXFrameworksBuildPhase;
			buildActionMask = 2147483647;
			files = (
			);
			runOnlyForDeploymentPostprocessing = 0;
		};
		B5EFC98C2673405F000E85B7 /* Frameworks */ = {
			isa = PBXFrameworksBuildPhase;
			buildActionMask = 2147483647;
			files = (
			);
			runOnlyForDeploymentPostprocessing = 0;
		};
/* End PBXFrameworksBuildPhase section */

/* Begin PBXGroup section */
		B5EFC9622673405A000E85B7 = {
			isa = PBXGroup;
			children = (
				B5EFC96D2673405A000E85B7 /* To Do List */,
				B5EFC9872673405F000E85B7 /* To Do ListTests */,
				B5EFC9922673405F000E85B7 /* To Do ListUITests */,
				B5EFC96C2673405A000E85B7 /* Products */,
			);
			sourceTree = "<group>";
		};
		B5EFC96C2673405A000E85B7 /* Products */ = {
			isa = PBXGroup;
			children = (
				B5EFC96B2673405A000E85B7 /* To Do List.app */,
				B5EFC9842673405F000E85B7 /* To Do ListTests.xctest */,
				B5EFC98F2673405F000E85B7 /* To Do ListUITests.xctest */,
			);
			name = Products;
			sourceTree = "<group>";
		};
		B5EFC96D2673405A000E85B7 /* To Do List */ = {
			isa = PBXGroup;
			children = (
				B5EFC96E2673405A000E85B7 /* AppDelegate.swift */,
				B5EFC9702673405A000E85B7 /* SceneDelegate.swift */,
				B5EFC9742673405A000E85B7 /* Main.storyboard */,
				B5EFC97A2673405F000E85B7 /* Assets.xcassets */,
				B5EFC97C2673405F000E85B7 /* LaunchScreen.storyboard */,
				B5EFC97F2673405F000E85B7 /* Info.plist */,
				B5EFC9772673405A000E85B7 /* To_Do_List.xcdatamodeld */,
				B5EFC9A126734188000E85B7 /* ToDoTableViewController.swift */,
				B5EFC9A3267341C0000E85B7 /* To Do.swift */,
				B5EFC9A526734BE7000E85B7 /* AddToDo.swift */,
				B5EFC9A726740D60000E85B7 /* CompleteToDo.swift */,
			);
			path = "To Do List";
			sourceTree = "<group>";
		};
		B5EFC9872673405F000E85B7 /* To Do ListTests */ = {
			isa = PBXGroup;
			children = (
				B5EFC9882673405F000E85B7 /* To_Do_ListTests.swift */,
				B5EFC98A2673405F000E85B7 /* Info.plist */,
			);
			path = "To Do ListTests";
			sourceTree = "<group>";
		};
		B5EFC9922673405F000E85B7 /* To Do ListUITests */ = {
			isa = PBXGroup;
			children = (
				B5EFC9932673405F000E85B7 /* To_Do_ListUITests.swift */,
				B5EFC9952673405F000E85B7 /* Info.plist */,
			);
			path = "To Do ListUITests";
			sourceTree = "<group>";
		};
/* End PBXGroup section */

/* Begin PBXNativeTarget section */
		B5EFC96A2673405A000E85B7 /* To Do List */ = {
			isa = PBXNativeTarget;
			buildConfigurationList = B5EFC9982673405F000E85B7 /* Build configuration list for PBXNativeTarget "To Do List" */;
			buildPhases = (
				B5EFC9672673405A000E85B7 /* Sources */,
				B5EFC9682673405A000E85B7 /* Frameworks */,
				B5EFC9692673405A000E85B7 /* Resources */,
			);
			buildRules = (
			);
			dependencies = (
			);
			name = "To Do List";
			productName = "To Do List";
			productReference = B5EFC96B2673405A000E85B7 /* To Do List.app */;
			productType = "com.apple.product-type.application";
		};
		B5EFC9832673405F000E85B7 /* To Do ListTests */ = {
			isa = PBXNativeTarget;
			buildConfigurationList = B5EFC99B2673405F000E85B7 /* Build configuration list for PBXNativeTarget "To Do ListTests" */;
			buildPhases = (
				B5EFC9802673405F000E85B7 /* Sources */,
				B5EFC9812673405F000E85B7 /* Frameworks */,
				B5EFC9822673405F000E85B7 /* Resources */,
			);
			buildRules = (
			);
			dependencies = (
				B5EFC9862673405F000E85B7 /* PBXTargetDependency */,
			);
			name = "To Do ListTests";
			productName = "To Do ListTests";
			productReference = B5EFC9842673405F000E85B7 /* To Do ListTests.xctest */;
			productType = "com.apple.product-type.bundle.unit-test";
		};
		B5EFC98E2673405F000E85B7 /* To Do ListUITests */ = {
			isa = PBXNativeTarget;
			buildConfigurationList = B5EFC99E2673405F000E85B7 /* Build configuration list for PBXNativeTarget "To Do ListUITests" */;
			buildPhases = (
				B5EFC98B2673405F000E85B7 /* Sources */,
				B5EFC98C2673405F000E85B7 /* Frameworks */,
				B5EFC98D2673405F000E85B7 /* Resources */,
			);
			buildRules = (
			);
			dependencies = (
				B5EFC9912673405F000E85B7 /* PBXTargetDependency */,
			);
			name = "To Do ListUITests";
			productName = "To Do ListUITests";
			productReference = B5EFC98F2673405F000E85B7 /* To Do ListUITests.xctest */;
			productType = "com.apple.product-type.bundle.ui-testing";
		};
/* End PBXNativeTarget section */

/* Begin PBXProject section */
		B5EFC9632673405A000E85B7 /* Project object */ = {
			isa = PBXProject;
			attributes = {
				LastSwiftUpdateCheck = 1250;
				LastUpgradeCheck = 1250;
				TargetAttributes = {
					B5EFC96A2673405A000E85B7 = {
						CreatedOnToolsVersion = 12.5;
					};
					B5EFC9832673405F000E85B7 = {
						CreatedOnToolsVersion = 12.5;
						TestTargetID = B5EFC96A2673405A000E85B7;
					};
					B5EFC98E2673405F000E85B7 = {
						CreatedOnToolsVersion = 12.5;
						TestTargetID = B5EFC96A2673405A000E85B7;
					};
				};
			};
			buildConfigurationList = B5EFC9662673405A000E85B7 /* Build configuration list for PBXProject "To Do List" */;
			compatibilityVersion = "Xcode 9.3";
			developmentRegion = en;
			hasScannedForEncodings = 0;
			knownRegions = (
				en,
				Base,
			);
			mainGroup = B5EFC9622673405A000E85B7;
			productRefGroup = B5EFC96C2673405A000E85B7 /* Products */;
			projectDirPath = "";
			projectRoot = "";
			targets = (
				B5EFC96A2673405A000E85B7 /* To Do List */,
				B5EFC9832673405F000E85B7 /* To Do ListTests */,
				B5EFC98E2673405F000E85B7 /* To Do ListUITests */,
			);
		};
/* End PBXProject section */

/* Begin PBXResourcesBuildPhase section */
		B5EFC9692673405A000E85B7 /* Resources */ = {
			isa = PBXResourcesBuildPhase;
			buildActionMask = 2147483647;
			files = (
				B5EFC97E2673405F000E85B7 /* LaunchScreen.storyboard in Resources */,
				B5EFC97B2673405F000E85B7 /* Assets.xcassets in Resources */,
				B5EFC9762673405A000E85B7 /* Main.storyboard in Resources */,
			);
			runOnlyForDeploymentPostprocessing = 0;
		};
		B5EFC9822673405F000E85B7 /* Resources */ = {
			isa = PBXResourcesBuildPhase;
			buildActionMask = 2147483647;
			files = (
			);
			runOnlyForDeploymentPostprocessing = 0;
		};
		B5EFC98D2673405F000E85B7 /* Resources */ = {
			isa = PBXResourcesBuildPhase;
			buildActionMask = 2147483647;
			files = (
			);
			runOnlyForDeploymentPostprocessing = 0;
		};
/* End PBXResourcesBuildPhase section */

/* Begin PBXSourcesBuildPhase section */
		B5EFC9672673405A000E85B7 /* Sources */ = {
			isa = PBXSourcesBuildPhase;
			buildActionMask = 2147483647;
			files = (
				B5EFC96F2673405A000E85B7 /* AppDelegate.swift in Sources */,
				B5EFC9A626734BE7000E85B7 /* AddToDo.swift in Sources */,
				B5EFC9A226734188000E85B7 /* ToDoTableViewController.swift in Sources */,
				B5EFC9A826740D60000E85B7 /* CompleteToDo.swift in Sources */,
				B5EFC9712673405A000E85B7 /* SceneDelegate.swift in Sources */,
				B5EFC9792673405A000E85B7 /* To_Do_List.xcdatamodeld in Sources */,
				B5EFC9A4267341C0000E85B7 /* To Do.swift in Sources */,
			);
			runOnlyForDeploymentPostprocessing = 0;
		};
		B5EFC9802673405F000E85B7 /* Sources */ = {
			isa = PBXSourcesBuildPhase;
			buildActionMask = 2147483647;
			files = (
				B5EFC9892673405F000E85B7 /* To_Do_ListTests.swift in Sources */,
			);
			runOnlyForDeploymentPostprocessing = 0;
		};
		B5EFC98B2673405F000E85B7 /* Sources */ = {
			isa = PBXSourcesBuildPhase;
			buildActionMask = 2147483647;
			files = (
				B5EFC9942673405F000E85B7 /* To_Do_ListUITests.swift in Sources */,
			);
			runOnlyForDeploymentPostprocessing = 0;
		};
/* End PBXSourcesBuildPhase section */

/* Begin PBXTargetDependency section */
		B5EFC9862673405F000E85B7 /* PBXTargetDependency */ = {
			isa = PBXTargetDependency;
			target = B5EFC96A2673405A000E85B7 /* To Do List */;
			targetProxy = B5EFC9852673405F000E85B7 /* PBXContainerItemProxy */;
		};
		B5EFC9912673405F000E85B7 /* PBXTargetDependency */ = {
			isa = PBXTargetDependency;
			target = B5EFC96A2673405A000E85B7 /* To Do List */;
			targetProxy = B5EFC9902673405F000E85B7 /* PBXContainerItemProxy */;
		};
/* End PBXTargetDependency section */

/* Begin PBXVariantGroup section */
		B5EFC9742673405A000E85B7 /* Main.storyboard */ = {
			isa = PBXVariantGroup;
			children = (
				B5EFC9752673405A000E85B7 /* Base */,
			);
			name = Main.storyboard;
			sourceTree = "<group>";
		};
		B5EFC97C2673405F000E85B7 /* LaunchScreen.storyboard */ = {
			isa = PBXVariantGroup;
			children = (
				B5EFC97D2673405F000E85B7 /* Base */,
			);
			name = LaunchScreen.storyboard;
			sourceTree = "<group>";
		};
/* End PBXVariantGroup section */

/* Begin XCBuildConfiguration section */
		B5EFC9962673405F000E85B7 /* Debug */ = {
			isa = XCBuildConfiguration;
			buildSettings = {
				ALWAYS_SEARCH_USER_PATHS = NO;
				CLANG_ANALYZER_NONNULL = YES;
				CLANG_ANALYZER_NUMBER_OBJECT_CONVERSION = YES_AGGRESSIVE;
				CLANG_CXX_LANGUAGE_STANDARD = "gnu++14";
				CLANG_CXX_LIBRARY = "libc++";
				CLANG_ENABLE_MODULES = YES;
				CLANG_ENABLE_OBJC_ARC = YES;
				CLANG_ENABLE_OBJC_WEAK = YES;
				CLANG_WARN_BLOCK_CAPTURE_AUTORELEASING = YES;
				CLANG_WARN_BOOL_CONVERSION = YES;
				CLANG_WARN_COMMA = YES;
				CLANG_WARN_CONSTANT_CONVERSION = YES;
				CLANG_WARN_DEPRECATED_OBJC_IMPLEMENTATIONS = YES;
				CLANG_WARN_DIRECT_OBJC_ISA_USAGE = YES_ERROR;
				CLANG_WARN_DOCUMENTATION_COMMENTS = YES;
				CLANG_WARN_EMPTY_BODY = YES;
				CLANG_WARN_ENUM_CONVERSION = YES;
				CLANG_WARN_INFINITE_RECURSION = YES;
				CLANG_WARN_INT_CONVERSION = YES;
				CLANG_WARN_NON_LITERAL_NULL_CONVERSION = YES;
				CLANG_WARN_OBJC_IMPLICIT_RETAIN_SELF = YES;
				CLANG_WARN_OBJC_LITERAL_CONVERSION = YES;
				CLANG_WARN_OBJC_ROOT_CLASS = YES_ERROR;
				CLANG_WARN_QUOTED_INCLUDE_IN_FRAMEWORK_HEADER = YES;
				CLANG_WARN_RANGE_LOOP_ANALYSIS = YES;
				CLANG_WARN_STRICT_PROTOTYPES = YES;
				CLANG_WARN_SUSPICIOUS_MOVE = YES;
				CLANG_WARN_UNGUARDED_AVAILABILITY = YES_AGGRESSIVE;
				CLANG_WARN_UNREACHABLE_CODE = YES;
				CLANG_WARN__DUPLICATE_METHOD_MATCH = YES;
				COPY_PHASE_STRIP = NO;
				DEBUG_INFORMATION_FORMAT = dwarf;
				ENABLE_STRICT_OBJC_MSGSEND = YES;
				ENABLE_TESTABILITY = YES;
				GCC_C_LANGUAGE_STANDARD = gnu11;
				GCC_DYNAMIC_NO_PIC = NO;
				GCC_NO_COMMON_BLOCKS = YES;
				GCC_OPTIMIZATION_LEVEL = 0;
				GCC_PREPROCESSOR_DEFINITIONS = (
					"DEBUG=1",
					"$(inherited)",
				);
				GCC_WARN_64_TO_32_BIT_CONVERSION = YES;
				GCC_WARN_ABOUT_RETURN_TYPE = YES_ERROR;
				GCC_WARN_UNDECLARED_SELECTOR = YES;
				GCC_WARN_UNINITIALIZED_AUTOS = YES_AGGRESSIVE;
				GCC_WARN_UNUSED_FUNCTION = YES;
				GCC_WARN_UNUSED_VARIABLE = YES;
				IPHONEOS_DEPLOYMENT_TARGET = 14.5;
				MTL_ENABLE_DEBUG_INFO = INCLUDE_SOURCE;
				MTL_FAST_MATH = YES;
				ONLY_ACTIVE_ARCH = YES;
				SDKROOT = iphoneos;
				SWIFT_ACTIVE_COMPILATION_CONDITIONS = DEBUG;
				SWIFT_OPTIMIZATION_LEVEL = "-Onone";
			};
			name = Debug;
		};
		B5EFC9972673405F000E85B7 /* Release */ = {
			isa = XCBuildConfiguration;
			buildSettings = {
				ALWAYS_SEARCH_USER_PATHS = NO;
				CLANG_ANALYZER_NONNULL = YES;
				CLANG_ANALYZER_NUMBER_OBJECT_CONVERSION = YES_AGGRESSIVE;
				CLANG_CXX_LANGUAGE_STANDARD = "gnu++14";
				CLANG_CXX_LIBRARY = "libc++";
				CLANG_ENABLE_MODULES = YES;
				CLANG_ENABLE_OBJC_ARC = YES;
				CLANG_ENABLE_OBJC_WEAK = YES;
				CLANG_WARN_BLOCK_CAPTURE_AUTORELEASING = YES;
				CLANG_WARN_BOOL_CONVERSION = YES;
				CLANG_WARN_COMMA = YES;
				CLANG_WARN_CONSTANT_CONVERSION = YES;
				CLANG_WARN_DEPRECATED_OBJC_IMPLEMENTATIONS = YES;
				CLANG_WARN_DIRECT_OBJC_ISA_USAGE = YES_ERROR;
				CLANG_WARN_DOCUMENTATION_COMMENTS = YES;
				CLANG_WARN_EMPTY_BODY = YES;
				CLANG_WARN_ENUM_CONVERSION = YES;
				CLANG_WARN_INFINITE_RECURSION = YES;
				CLANG_WARN_INT_CONVERSION = YES;
				CLANG_WARN_NON_LITERAL_NULL_CONVERSION = YES;
				CLANG_WARN_OBJC_IMPLICIT_RETAIN_SELF = YES;
				CLANG_WARN_OBJC_LITERAL_CONVERSION = YES;
				CLANG_WARN_OBJC_ROOT_CLASS = YES_ERROR;
				CLANG_WARN_QUOTED_INCLUDE_IN_FRAMEWORK_HEADER = YES;
				CLANG_WARN_RANGE_LOOP_ANALYSIS = YES;
				CLANG_WARN_STRICT_PROTOTYPES = YES;
				CLANG_WARN_SUSPICIOUS_MOVE = YES;
				CLANG_WARN_UNGUARDED_AVAILABILITY = YES_AGGRESSIVE;
				CLANG_WARN_UNREACHABLE_CODE = YES;
				CLANG_WARN__DUPLICATE_METHOD_MATCH = YES;
				COPY_PHASE_STRIP = NO;
				DEBUG_INFORMATION_FORMAT = "dwarf-with-dsym";
				ENABLE_NS_ASSERTIONS = NO;
				ENABLE_STRICT_OBJC_MSGSEND = YES;
				GCC_C_LANGUAGE_STANDARD = gnu11;
				GCC_NO_COMMON_BLOCKS = YES;
				GCC_WARN_64_TO_32_BIT_CONVERSION = YES;
				GCC_WARN_ABOUT_RETURN_TYPE = YES_ERROR;
				GCC_WARN_UNDECLARED_SELECTOR = YES;
				GCC_WARN_UNINITIALIZED_AUTOS = YES_AGGRESSIVE;
				GCC_WARN_UNUSED_FUNCTION = YES;
				GCC_WARN_UNUSED_VARIABLE = YES;
				IPHONEOS_DEPLOYMENT_TARGET = 14.5;
				MTL_ENABLE_DEBUG_INFO = NO;
				MTL_FAST_MATH = YES;
				SDKROOT = iphoneos;
				SWIFT_COMPILATION_MODE = wholemodule;
				SWIFT_OPTIMIZATION_LEVEL = "-O";
				VALIDATE_PRODUCT = YES;
			};
			name = Release;
		};
		B5EFC9992673405F000E85B7 /* Debug */ = {
			isa = XCBuildConfiguration;
			buildSettings = {
				ASSETCATALOG_COMPILER_APPICON_NAME = AppIcon;
				ASSETCATALOG_COMPILER_GLOBAL_ACCENT_COLOR_NAME = AccentColor;
				CODE_SIGN_STYLE = Automatic;
				DEVELOPMENT_TEAM = 3H7MMR6433;
				INFOPLIST_FILE = "To Do List/Info.plist";
				LD_RUNPATH_SEARCH_PATHS = (
					"$(inherited)",
					"@executable_path/Frameworks",
				);
				PRODUCT_BUNDLE_IDENTIFIER = "Kate.To-Do-List";
				PRODUCT_NAME = "$(TARGET_NAME)";
				SWIFT_VERSION = 5.0;
				TARGETED_DEVICE_FAMILY = "1,2";
			};
			name = Debug;
		};
		B5EFC99A2673405F000E85B7 /* Release */ = {
			isa = XCBuildConfiguration;
			buildSettings = {
				ASSETCATALOG_COMPILER_APPICON_NAME = AppIcon;
				ASSETCATALOG_COMPILER_GLOBAL_ACCENT_COLOR_NAME = AccentColor;
				CODE_SIGN_STYLE = Automatic;
				DEVELOPMENT_TEAM = 3H7MMR6433;
				INFOPLIST_FILE = "To Do List/Info.plist";
				LD_RUNPATH_SEARCH_PATHS = (
					"$(inherited)",
					"@executable_path/Frameworks",
				);
				PRODUCT_BUNDLE_IDENTIFIER = "Kate.To-Do-List";
				PRODUCT_NAME = "$(TARGET_NAME)";
				SWIFT_VERSION = 5.0;
				TARGETED_DEVICE_FAMILY = "1,2";
			};
			name = Release;
		};
		B5EFC99C2673405F000E85B7 /* Debug */ = {
			isa = XCBuildConfiguration;
			buildSettings = {
				ALWAYS_EMBED_SWIFT_STANDARD_LIBRARIES = YES;
				BUNDLE_LOADER = "$(TEST_HOST)";
				CODE_SIGN_STYLE = Automatic;
				DEVELOPMENT_TEAM = 3H7MMR6433;
				INFOPLIST_FILE = "To Do ListTests/Info.plist";
				IPHONEOS_DEPLOYMENT_TARGET = 14.5;
				LD_RUNPATH_SEARCH_PATHS = (
					"$(inherited)",
					"@executable_path/Frameworks",
					"@loader_path/Frameworks",
				);
				PRODUCT_BUNDLE_IDENTIFIER = "Kate.To-Do-ListTests";
				PRODUCT_NAME = "$(TARGET_NAME)";
				SWIFT_VERSION = 5.0;
				TARGETED_DEVICE_FAMILY = "1,2";
				TEST_HOST = "$(BUILT_PRODUCTS_DIR)/To Do List.app/To Do List";
			};
			name = Debug;
		};
		B5EFC99D2673405F000E85B7 /* Release */ = {
			isa = XCBuildConfiguration;
			buildSettings = {
				ALWAYS_EMBED_SWIFT_STANDARD_LIBRARIES = YES;
				BUNDLE_LOADER = "$(TEST_HOST)";
				CODE_SIGN_STYLE = Automatic;
				DEVELOPMENT_TEAM = 3H7MMR6433;
				INFOPLIST_FILE = "To Do ListTests/Info.plist";
				IPHONEOS_DEPLOYMENT_TARGET = 14.5;
				LD_RUNPATH_SEARCH_PATHS = (
					"$(inherited)",
					"@executable_path/Frameworks",
					"@loader_path/Frameworks",
				);
				PRODUCT_BUNDLE_IDENTIFIER = "Kate.To-Do-ListTests";
				PRODUCT_NAME = "$(TARGET_NAME)";
				SWIFT_VERSION = 5.0;
				TARGETED_DEVICE_FAMILY = "1,2";
				TEST_HOST = "$(BUILT_PRODUCTS_DIR)/To Do List.app/To Do List";
			};
			name = Release;
		};
		B5EFC99F2673405F000E85B7 /* Debug */ = {
			isa = XCBuildConfiguration;
			buildSettings = {
				ALWAYS_EMBED_SWIFT_STANDARD_LIBRARIES = YES;
				CODE_SIGN_STYLE = Automatic;
				DEVELOPMENT_TEAM = 3H7MMR6433;
				INFOPLIST_FILE = "To Do ListUITests/Info.plist";
				LD_RUNPATH_SEARCH_PATHS = (
					"$(inherited)",
					"@executable_path/Frameworks",
					"@loader_path/Frameworks",
				);
				PRODUCT_BUNDLE_IDENTIFIER = "Kate.To-Do-ListUITests";
				PRODUCT_NAME = "$(TARGET_NAME)";
				SWIFT_VERSION = 5.0;
				TARGETED_DEVICE_FAMILY = "1,2";
				TEST_TARGET_NAME = "To Do List";
			};
			name = Debug;
		};
		B5EFC9A02673405F000E85B7 /* Release */ = {
			isa = XCBuildConfiguration;
			buildSettings = {
				ALWAYS_EMBED_SWIFT_STANDARD_LIBRARIES = YES;
				CODE_SIGN_STYLE = Automatic;
				DEVELOPMENT_TEAM = 3H7MMR6433;
				INFOPLIST_FILE = "To Do ListUITests/Info.plist";
				LD_RUNPATH_SEARCH_PATHS = (
					"$(inherited)",
					"@executable_path/Frameworks",
					"@loader_path/Frameworks",
				);
				PRODUCT_BUNDLE_IDENTIFIER = "Kate.To-Do-ListUITests";
				PRODUCT_NAME = "$(TARGET_NAME)";
				SWIFT_VERSION = 5.0;
				TARGETED_DEVICE_FAMILY = "1,2";
				TEST_TARGET_NAME = "To Do List";
			};
			name = Release;
		};
/* End XCBuildConfiguration section */

/* Begin XCConfigurationList section */
		B5EFC9662673405A000E85B7 /* Build configuration list for PBXProject "To Do List" */ = {
			isa = XCConfigurationList;
			buildConfigurations = (
				B5EFC9962673405F000E85B7 /* Debug */,
				B5EFC9972673405F000E85B7 /* Release */,
			);
			defaultConfigurationIsVisible = 0;
			defaultConfigurationName = Release;
		};
		B5EFC9982673405F000E85B7 /* Build configuration list for PBXNativeTarget "To Do List" */ = {
			isa = XCConfigurationList;
			buildConfigurations = (
				B5EFC9992673405F000E85B7 /* Debug */,
				B5EFC99A2673405F000E85B7 /* Release */,
			);
			defaultConfigurationIsVisible = 0;
			defaultConfigurationName = Release;
		};
		B5EFC99B2673405F000E85B7 /* Build configuration list for PBXNativeTarget "To Do ListTests" */ = {
			isa = XCConfigurationList;
			buildConfigurations = (
				B5EFC99C2673405F000E85B7 /* Debug */,
				B5EFC99D2673405F000E85B7 /* Release */,
			);
			defaultConfigurationIsVisible = 0;
			defaultConfigurationName = Release;
		};
		B5EFC99E2673405F000E85B7 /* Build configuration list for PBXNativeTarget "To Do ListUITests" */ = {
			isa = XCConfigurationList;
			buildConfigurations = (
				B5EFC99F2673405F000E85B7 /* Debug */,
				B5EFC9A02673405F000E85B7 /* Release */,
			);
			defaultConfigurationIsVisible = 0;
			defaultConfigurationName = Release;
		};
/* End XCConfigurationList section */

/* Begin XCVersionGroup section */
		B5EFC9772673405A000E85B7 /* To_Do_List.xcdatamodeld */ = {
			isa = XCVersionGroup;
			children = (
				B5EFC9782673405A000E85B7 /* To_Do_List.xcdatamodel */,
			);
			currentVersion = B5EFC9782673405A000E85B7 /* To_Do_List.xcdatamodel */;
			path = To_Do_List.xcdatamodeld;
			sourceTree = "<group>";
			versionGroupType = wrapper.xcdatamodel;
		};
/* End XCVersionGroup section */
	};
	rootObject = B5EFC9632673405A000E85B7 /* Project object */;
}
